
Microsoft Visual Studio Solution File, Format Version 12.00
# Visual Studio Version 16
VisualStudioVersion = 16.0.31911.196
MinimumVisualStudioVersion = 10.0.40219.1
Project("{9A19103F-16F7-4668-BE54-9A1E7A4F7556}") = "First", "ExamplesCodes\First.csproj", "{57CB73AC-9206-446F-802E-0EEC8FCCCCA5}"
EndProject
Project("{FAE04EC0-301F-11D3-BF4B-00C04F79EFBC}") = "Second", "Second\Second.csproj", "{C1838F72-A9AD-46A6-8C94-FF3ED5FDB403}"
EndProject
Project("{FAE04EC0-301F-11D3-BF4B-00C04F79EFBC}") = "Third", "Third\Third.csproj", "{5124FFEA-6798-4C97-AC9F-1F1A1FAC47EB}"
EndProject
Project("{FAE04EC0-301F-11D3-BF4B-00C04F79EFBC}") = "Fourth", "Fourth\Fourth.csproj", "{8F1DFE56-BB88-48BC-B799-FA849B137FD7}"
EndProject
Project("{FAE04EC0-301F-11D3-BF4B-00C04F79EFBC}") = "Example1", "Example1\Example1.csproj", "{C445CD65-0ABF-4CAB-B2BB-8EC0F73CCB40}"
EndProject
Project("{FAE04EC0-301F-11D3-BF4B-00C04F79EFBC}") = "Example2", "Example2\Example2.csproj", "{E23FBE64-A2B4-4216-BF49-2E882FAF5A1F}"
EndProject
Project("{FAE04EC0-301F-11D3-BF4B-00C04F79EFBC}") = "Example3", "Example3\Example3.csproj", "{CD130615-AFD8-4626-9980-558B6BFB459A}"
EndProject
Project("{FAE04EC0-301F-11D3-BF4B-00C04F79EFBC}") = "Example4", "Example4\Example4.csproj", "{9E3A5CA1-47E5-40B8-89CB-EB0AE305DA6A}"
EndProject
Project("{FAE04EC0-301F-11D3-BF4B-00C04F79EFBC}") = "Example5", "Example5\Example5.csproj", "{24AEB832-5B8D-45C4-A5B8-974D221A8DC9}"
EndProject
Project("{FAE04EC0-301F-11D3-BF4B-00C04F79EFBC}") = "Example6", "Example6\Example6.csproj", "{F51BD84F-EE63-45CA-B580-E55FA6035904}"
EndProject
Project("{FAE04EC0-301F-11D3-BF4B-00C04F79EFBC}") = "Example7", "Example7\Example7.csproj", "{0255BB49-D36A-4352-A04F-00E1917F83E0}"
EndProject
Project("{FAE04EC0-301F-11D3-BF4B-00C04F79EFBC}") = "Example8", "Example8\Example8.csproj", "{719F04EF-256B-41F0-9629-4C85D3560B6D}"
EndProject
Project("{FAE04EC0-301F-11D3-BF4B-00C04F79EFBC}") = "Example9", "Example9\Example9.csproj", "{6654EC15-1E1D-416A-A2E7-1D6E4D40A5B6}"
EndProject
Project("{FAE04EC0-301F-11D3-BF4B-00C04F79EFBC}") = "Example10", "Example10\Example10.csproj", "{7323FA53-BADE-438B-9EFA-83B019435550}"
EndProject
Project("{FAE04EC0-301F-11D3-BF4B-00C04F79EFBC}") = "Example11", "Example11\Example11.csproj", "{86B71483-2227-4042-AA71-C26BE9ECA06B}"
EndProject
Project("{FAE04EC0-301F-11D3-BF4B-00C04F79EFBC}") = "Example12", "Example12\Example12.csproj", "{AF3D567A-0716-4B7D-ACE4-544781B81CBC}"
EndProject
Project("{FAE04EC0-301F-11D3-BF4B-00C04F79EFBC}") = "Example13", "Example13\Example13.csproj", "{5BA6FF82-BABB-47A0-B741-323BBB21614D}"
EndProject
Project("{FAE04EC0-301F-11D3-BF4B-00C04F79EFBC}") = "Example14", "Example14\Example14.csproj", "{389434C5-F249-48D5-A92D-59C99F7F0F92}"
EndProject
Project("{FAE04EC0-301F-11D3-BF4B-00C04F79EFBC}") = "Example15", "Example15\Example15.csproj", "{E0B5C765-34A8-4D05-82E3-997C2BEEE2EC}"
EndProject
Global
	GlobalSection(SolutionConfigurationPlatforms) = preSolution
		Debug|Any CPU = Debug|Any CPU
		Release|Any CPU = Release|Any CPU
	EndGlobalSection
	GlobalSection(ProjectConfigurationPlatforms) = postSolution
		{57CB73AC-9206-446F-802E-0EEC8FCCCCA5}.Debug|Any CPU.ActiveCfg = Debug|Any CPU
		{57CB73AC-9206-446F-802E-0EEC8FCCCCA5}.Debug|Any CPU.Build.0 = Debug|Any CPU
		{57CB73AC-9206-446F-802E-0EEC8FCCCCA5}.Release|Any CPU.ActiveCfg = Release|Any CPU
		{57CB73AC-9206-446F-802E-0EEC8FCCCCA5}.Release|Any CPU.Build.0 = Release|Any CPU
		{C1838F72-A9AD-46A6-8C94-FF3ED5FDB403}.Debug|Any CPU.ActiveCfg = Debug|Any CPU
		{C1838F72-A9AD-46A6-8C94-FF3ED5FDB403}.Debug|Any CPU.Build.0 = Debug|Any CPU
		{C1838F72-A9AD-46A6-8C94-FF3ED5FDB403}.Release|Any CPU.ActiveCfg = Release|Any CPU
		{C1838F72-A9AD-46A6-8C94-FF3ED5FDB403}.Release|Any CPU.Build.0 = Release|Any CPU
		{5124FFEA-6798-4C97-AC9F-1F1A1FAC47EB}.Debug|Any CPU.ActiveCfg = Debug|Any CPU
		{5124FFEA-6798-4C97-AC9F-1F1A1FAC47EB}.Debug|Any CPU.Build.0 = Debug|Any CPU
		{5124FFEA-6798-4C97-AC9F-1F1A1FAC47EB}.Release|Any CPU.ActiveCfg = Release|Any CPU
		{5124FFEA-6798-4C97-AC9F-1F1A1FAC47EB}.Release|Any CPU.Build.0 = Release|Any CPU
		{8F1DFE56-BB88-48BC-B799-FA849B137FD7}.Debug|Any CPU.ActiveCfg = Debug|Any CPU
		{8F1DFE56-BB88-48BC-B799-FA849B137FD7}.Debug|Any CPU.Build.0 = Debug|Any CPU
		{8F1DFE56-BB88-48BC-B799-FA849B137FD7}.Release|Any CPU.ActiveCfg = Release|Any CPU
		{8F1DFE56-BB88-48BC-B799-FA849B137FD7}.Release|Any CPU.Build.0 = Release|Any CPU
		{C445CD65-0ABF-4CAB-B2BB-8EC0F73CCB40}.Debug|Any CPU.ActiveCfg = Debug|Any CPU
		{C445CD65-0ABF-4CAB-B2BB-8EC0F73CCB40}.Debug|Any CPU.Build.0 = Debug|Any CPU
		{C445CD65-0ABF-4CAB-B2BB-8EC0F73CCB40}.Release|Any CPU.ActiveCfg = Release|Any CPU
		{C445CD65-0ABF-4CAB-B2BB-8EC0F73CCB40}.Release|Any CPU.Build.0 = Release|Any CPU
		{E23FBE64-A2B4-4216-BF49-2E882FAF5A1F}.Debug|Any CPU.ActiveCfg = Debug|Any CPU
		{E23FBE64-A2B4-4216-BF49-2E882FAF5A1F}.Debug|Any CPU.Build.0 = Debug|Any CPU
		{E23FBE64-A2B4-4216-BF49-2E882FAF5A1F}.Release|Any CPU.ActiveCfg = Release|Any CPU
		{E23FBE64-A2B4-4216-BF49-2E882FAF5A1F}.Release|Any CPU.Build.0 = Release|Any CPU
		{CD130615-AFD8-4626-9980-558B6BFB459A}.Debug|Any CPU.ActiveCfg = Debug|Any CPU
		{CD130615-AFD8-4626-9980-558B6BFB459A}.Debug|Any CPU.Build.0 = Debug|Any CPU
		{CD130615-AFD8-4626-9980-558B6BFB459A}.Release|Any CPU.ActiveCfg = Release|Any CPU
		{CD130615-AFD8-4626-9980-558B6BFB459A}.Release|Any CPU.Build.0 = Release|Any CPU
		{9E3A5CA1-47E5-40B8-89CB-EB0AE305DA6A}.Debug|Any CPU.ActiveCfg = Debug|Any CPU
		{9E3A5CA1-47E5-40B8-89CB-EB0AE305DA6A}.Debug|Any CPU.Build.0 = Debug|Any CPU
		{9E3A5CA1-47E5-40B8-89CB-EB0AE305DA6A}.Release|Any CPU.ActiveCfg = Release|Any CPU
		{9E3A5CA1-47E5-40B8-89CB-EB0AE305DA6A}.Release|Any CPU.Build.0 = Release|Any CPU
		{24AEB832-5B8D-45C4-A5B8-974D221A8DC9}.Debug|Any CPU.ActiveCfg = Debug|Any CPU
		{24AEB832-5B8D-45C4-A5B8-974D221A8DC9}.Debug|Any CPU.Build.0 = Debug|Any CPU
		{24AEB832-5B8D-45C4-A5B8-974D221A8DC9}.Release|Any CPU.ActiveCfg = Release|Any CPU
		{24AEB832-5B8D-45C4-A5B8-974D221A8DC9}.Release|Any CPU.Build.0 = Release|Any CPU
		{F51BD84F-EE63-45CA-B580-E55FA6035904}.Debug|Any CPU.ActiveCfg = Debug|Any CPU
		{F51BD84F-EE63-45CA-B580-E55FA6035904}.Debug|Any CPU.Build.0 = Debug|Any CPU
		{F51BD84F-EE63-45CA-B580-E55FA6035904}.Release|Any CPU.ActiveCfg = Release|Any CPU
		{F51BD84F-EE63-45CA-B580-E55FA6035904}.Release|Any CPU.Build.0 = Release|Any CPU
		{0255BB49-D36A-4352-A04F-00E1917F83E0}.Debug|Any CPU.ActiveCfg = Debug|Any CPU
		{0255BB49-D36A-4352-A04F-00E1917F83E0}.Debug|Any CPU.Build.0 = Debug|Any CPU
		{0255BB49-D36A-4352-A04F-00E1917F83E0}.Release|Any CPU.ActiveCfg = Release|Any CPU
		{0255BB49-D36A-4352-A04F-00E1917F83E0}.Release|Any CPU.Build.0 = Release|Any CPU
		{719F04EF-256B-41F0-9629-4C85D3560B6D}.Debug|Any CPU.ActiveCfg = Debug|Any CPU
		{719F04EF-256B-41F0-9629-4C85D3560B6D}.Debug|Any CPU.Build.0 = Debug|Any CPU
		{719F04EF-256B-41F0-9629-4C85D3560B6D}.Release|Any CPU.ActiveCfg = Release|Any CPU
		{719F04EF-256B-41F0-9629-4C85D3560B6D}.Release|Any CPU.Build.0 = Release|Any CPU
		{6654EC15-1E1D-416A-A2E7-1D6E4D40A5B6}.Debug|Any CPU.ActiveCfg = Debug|Any CPU
		{6654EC15-1E1D-416A-A2E7-1D6E4D40A5B6}.Debug|Any CPU.Build.0 = Debug|Any CPU
		{6654EC15-1E1D-416A-A2E7-1D6E4D40A5B6}.Release|Any CPU.ActiveCfg = Release|Any CPU
		{6654EC15-1E1D-416A-A2E7-1D6E4D40A5B6}.Release|Any CPU.Build.0 = Release|Any CPU
		{7323FA53-BADE-438B-9EFA-83B019435550}.Debug|Any CPU.ActiveCfg = Debug|Any CPU
		{7323FA53-BADE-438B-9EFA-83B019435550}.Debug|Any CPU.Build.0 = Debug|Any CPU
		{7323FA53-BADE-438B-9EFA-83B019435550}.Release|Any CPU.ActiveCfg = Release|Any CPU
		{7323FA53-BADE-438B-9EFA-83B019435550}.Release|Any CPU.Build.0 = Release|Any CPU
		{86B71483-2227-4042-AA71-C26BE9ECA06B}.Debug|Any CPU.ActiveCfg = Debug|Any CPU
		{86B71483-2227-4042-AA71-C26BE9ECA06B}.Debug|Any CPU.Build.0 = Debug|Any CPU
		{86B71483-2227-4042-AA71-C26BE9ECA06B}.Release|Any CPU.ActiveCfg = Release|Any CPU
		{86B71483-2227-4042-AA71-C26BE9ECA06B}.Release|Any CPU.Build.0 = Release|Any CPU
		{AF3D567A-0716-4B7D-ACE4-544781B81CBC}.Debug|Any CPU.ActiveCfg = Debug|Any CPU
		{AF3D567A-0716-4B7D-ACE4-544781B81CBC}.Debug|Any CPU.Build.0 = Debug|Any CPU
		{AF3D567A-0716-4B7D-ACE4-544781B81CBC}.Release|Any CPU.ActiveCfg = Release|Any CPU
		{AF3D567A-0716-4B7D-ACE4-544781B81CBC}.Release|Any CPU.Build.0 = Release|Any CPU
		{5BA6FF82-BABB-47A0-B741-323BBB21614D}.Debug|Any CPU.ActiveCfg = Debug|Any CPU
		{5BA6FF82-BABB-47A0-B741-323BBB21614D}.Debug|Any CPU.Build.0 = Debug|Any CPU
		{5BA6FF82-BABB-47A0-B741-323BBB21614D}.Release|Any CPU.ActiveCfg = Release|Any CPU
		{5BA6FF82-BABB-47A0-B741-323BBB21614D}.Release|Any CPU.Build.0 = Release|Any CPU
		{389434C5-F249-48D5-A92D-59C99F7F0F92}.Debug|Any CPU.ActiveCfg = Debug|Any CPU
		{389434C5-F249-48D5-A92D-59C99F7F0F92}.Debug|Any CPU.Build.0 = Debug|Any CPU
		{389434C5-F249-48D5-A92D-59C99F7F0F92}.Release|Any CPU.ActiveCfg = Release|Any CPU
		{389434C5-F249-48D5-A92D-59C99F7F0F92}.Release|Any CPU.Build.0 = Release|Any CPU
		{E0B5C765-34A8-4D05-82E3-997C2BEEE2EC}.Debug|Any CPU.ActiveCfg = Debug|Any CPU
		{E0B5C765-34A8-4D05-82E3-997C2BEEE2EC}.Debug|Any CPU.Build.0 = Debug|Any CPU
		{E0B5C765-34A8-4D05-82E3-997C2BEEE2EC}.Release|Any CPU.ActiveCfg = Release|Any CPU
		{E0B5C765-34A8-4D05-82E3-997C2BEEE2EC}.Release|Any CPU.Build.0 = Release|Any CPU
	EndGlobalSection
	GlobalSection(SolutionProperties) = preSolution
		HideSolutionNode = FALSE
	EndGlobalSection
	GlobalSection(ExtensibilityGlobals) = postSolution
		SolutionGuid = {600F893F-45E7-4B3B-9341-A8F377A195D6}
	EndGlobalSection
EndGlobal
